# Lockfile with 3 entries matching multi-repo-skills.yaml
superpowers:
  repo: https://github.com/obra/superpowers
  branch: main
  commit: a1b2c3d4e5f6a1b2c3d4e5f6a1b2c3d4e5f6a1b2
  installed: "2026-03-14T07:18:30+01:00"
  skills:
    - test-driven-development
    - systematic-debugging

anthropic-skills:
  repo: https://github.com/anthropics/skills
  branch: main
  commit: b0cbd3df1533b396d281a6886d5132f623393a9c
  installed: "2026-03-14T07:18:30+01:00"
  skills:
    - pdf
    - docx

skillfile:
  repo: https://github.com/rafaelcalleja/skillfile
  branch: master
  commit: 776a8b3f1234567890abcdef1234567890abcdef
  installed: "2026-03-14T07:18:30+01:00"
  skills:
    - skillfile
